PODS:
  - Capacitor (8.5.2):
    - CapacitorCordova
  - CapacitorApp (8.1.2):
    - Capacitor
  - CapacitorCordova (8.5.2)
  - CapacitorFilesystem (8.1.4):
    - Capacitor
    - IONFilesystemLib (~> 2.0.0)
  - CordovaPlugins (8.5.2):
    - CapacitorCordova
    - SQLCipher (~> 4.0)
  - CordovaPluginsResources (0.0.105)
  - IONFilesystemLib (2.0.0)
  - SQLCipher (4.10.0):
    - SQLCipher/standard (= 4.10.0)
  - SQLCipher/common (4.10.0)
  - SQLCipher/standard (4.10.0):
    - SQLCipher/common

DEPENDENCIES:
  - "Capacitor (from `../../node_modules/@capacitor/ios`)"
  - "CapacitorApp (from `../../node_modules/@capacitor/app`)"
  - "CapacitorCordova (from `../../node_modules/@capacitor/ios`)"
  - "CapacitorFilesystem (from `../../node_modules/@capacitor/filesystem`)"
  - CordovaPlugins (from `../capacitor-cordova-ios-plugins`)
  - CordovaPluginsResources (from `../capacitor-cordova-ios-plugins`)

SPEC REPOS:
  trunk:
    - IONFilesystemLib
    - SQLCipher

EXTERNAL SOURCES:
  Capacitor:
    :path: "../../node_modules/@capacitor/ios"
  CapacitorApp:
    :path: "../../node_modules/@capacitor/app"
  CapacitorCordova:
    :path: "../../node_modules/@capacitor/ios"
  CapacitorFilesystem:
    :path: "../../node_modules/@capacitor/filesystem"
  CordovaPlugins:
    :path: "../capacitor-cordova-ios-plugins"
  CordovaPluginsResources:
    :path: "../capacitor-cordova-ios-plugins"

SPEC CHECKSUMS:
  Capacitor: 89067779e14fb7ea56af07b4817f45d1f0c2a269
  CapacitorApp: 7b7e43debe505bc61beedb83796aa1368c86078b
  CapacitorCordova: 5bec5648cbd09a176ce34ce5e7b6cdabb2c8a327
  CapacitorFilesystem: 17ee1862a45ef2e5012311a87e18de1d45a6811b
  CordovaPlugins: 7aa6f64d3465cbf1e8de574fc46e955c7df0c88b
  CordovaPluginsResources: da93847212bf7b16ba770e4d6c3e7dba820174c7
  IONFilesystemLib: 0a001124dedc317c03032d138aaefbf4c18adb09
  SQLCipher: eb79c64049cb002b4e9fcb30edb7979bf4706dfc

PODFILE CHECKSUM: ebd4f693d8099a89ac4875a50332cf6966202420

COCOAPODS: 1.16.2
